
Microsoft Visual Studio Solution File, Format Version 12.00
# Visual Studio Version 17
VisualStudioVersion = 17.9.34701.34
MinimumVisualStudioVersion = 10.0.40219.1
Project("{FAE04EC0-301F-11D3-BF4B-00C04F79EFBC}") = "Website", "Website\Website.csproj", "{03420160-0A25-4331-8121-D5BCCF293A92}"
EndProject
Global
	GlobalSection(SolutionConfigurationPlatforms) = preSolution
		Debug|Any CPU = Debug|Any CPU
		Release|Any CPU = Release|Any CPU
	EndGlobalSection
	GlobalSection(ProjectConfigurationPlatforms) = postSolution
		{03420160-0A25-4331-8121-D5BCCF293A92}.Debug|Any CPU.ActiveCfg = Debug|Any CPU
		{03420160-0A25-4331-8121-D5BCCF293A92}.Debug|Any CPU.Build.0 = Debug|Any CPU
		{03420160-0A25-4331-8121-D5BCCF293A92}.Release|Any CPU.ActiveCfg = Release|Any CPU
		{03420160-0A25-4331-8121-D5BCCF293A92}.Release|Any CPU.Build.0 = Release|Any CPU
	EndGlobalSection
	GlobalSection(SolutionProperties) = preSolution
		HideSolutionNode = FALSE
	EndGlobalSection
	GlobalSection(ExtensibilityGlobals) = postSolution
		SolutionGuid = {922CF902-B3B6-4CB7-A64E-DDC2868E0BDE}
	EndGlobalSection
EndGlobal
